
Microsoft Visual Studio Solution File, Format Version 12.00
# Visual Studio Version 16
VisualStudioVersion = 16.0.31515.178
MinimumVisualStudioVersion = 10.0.40219.1
Project("{FAE04EC0-301F-11D3-BF4B-00C04F79EFBC}") = "ContactBook", "ContactBook\ContactBook.csproj", "{2C7F7352-C59F-4F52-8039-EA2328B1BFBE}"
EndProject
Global
	GlobalSection(SolutionConfigurationPlatforms) = preSolution
		Debug|Any CPU = Debug|Any CPU
		Release|Any CPU = Release|Any CPU
	EndGlobalSection
	GlobalSection(ProjectConfigurationPlatforms) = postSolution
		{2C7F7352-C59F-4F52-8039-EA2328B1BFBE}.Debug|Any CPU.ActiveCfg = Debug|Any CPU
		{2C7F7352-C59F-4F52-8039-EA2328B1BFBE}.Debug|Any CPU.Build.0 = Debug|Any CPU
		{2C7F7352-C59F-4F52-8039-EA2328B1BFBE}.Release|Any CPU.ActiveCfg = Release|Any CPU
		{2C7F7352-C59F-4F52-8039-EA2328B1BFBE}.Release|Any CPU.Build.0 = Release|Any CPU
	EndGlobalSection
	GlobalSection(SolutionProperties) = preSolution
		HideSolutionNode = FALSE
	EndGlobalSection
	GlobalSection(ExtensibilityGlobals) = postSolution
		SolutionGuid = {4D176FE8-8EB2-4718-AC4A-5A78F949A73A}
	EndGlobalSection
EndGlobal
